
Microsoft Visual Studio Solution File, Format Version 12.00
# Visual Studio Version 17
VisualStudioVersion = 17.3.32901.215
MinimumVisualStudioVersion = 10.0.40219.1
Project("{FAE04EC0-301F-11D3-BF4B-00C04F79EFBC}") = "ConsoleAppOnGithub", "ConsoleAppOnGithub\ConsoleAppOnGithub.csproj", "{76CFC49F-8FDE-4252-B1B0-23FA7A8C5EFB}"
EndProject
Global
	GlobalSection(SolutionConfigurationPlatforms) = preSolution
		Debug|Any CPU = Debug|Any CPU
		Release|Any CPU = Release|Any CPU
	EndGlobalSection
	GlobalSection(ProjectConfigurationPlatforms) = postSolution
		{76CFC49F-8FDE-4252-B1B0-23FA7A8C5EFB}.Debug|Any CPU.ActiveCfg = Debug|Any CPU
		{76CFC49F-8FDE-4252-B1B0-23FA7A8C5EFB}.Debug|Any CPU.Build.0 = Debug|Any CPU
		{76CFC49F-8FDE-4252-B1B0-23FA7A8C5EFB}.Release|Any CPU.ActiveCfg = Release|Any CPU
		{76CFC49F-8FDE-4252-B1B0-23FA7A8C5EFB}.Release|Any CPU.Build.0 = Release|Any CPU
	EndGlobalSection
	GlobalSection(SolutionProperties) = preSolution
		HideSolutionNode = FALSE
	EndGlobalSection
	GlobalSection(ExtensibilityGlobals) = postSolution
		SolutionGuid = {B2A832B9-73D9-45C2-9552-5B0DCE3A349F}
	EndGlobalSection
EndGlobal
